
Microsoft Visual Studio Solution File, Format Version 12.00
# Visual Studio 2012
Project("{FAE04EC0-301F-11D3-BF4B-00C04F79EFBC}") = "EntryPlaceholder", "EntryPlaceholder\EntryPlaceholder.csproj", "{90EF20D9-043D-4D85-AF59-AD2246EF9E15}"
EndProject
Project("{FAE04EC0-301F-11D3-BF4B-00C04F79EFBC}") = "EntryPlaceholder.iOS", "iOS\EntryPlaceholder.iOS.csproj", "{9E013569-7B61-429F-ABBD-63A39EFE0288}"
EndProject
Project("{FAE04EC0-301F-11D3-BF4B-00C04F79EFBC}") = "EntryPlaceholder.Droid", "Droid\EntryPlaceholder.Droid.csproj", "{19480B1E-A337-433E-9804-3B649DD4FD3A}"
EndProject
Global
	GlobalSection(SolutionConfigurationPlatforms) = preSolution
		Debug|Any CPU = Debug|Any CPU
		Release|Any CPU = Release|Any CPU
		Debug|iPhoneSimulator = Debug|iPhoneSimulator
		Release|iPhone = Release|iPhone
		Release|iPhoneSimulator = Release|iPhoneSimulator
		Debug|iPhone = Debug|iPhone
	EndGlobalSection
	GlobalSection(ProjectConfigurationPlatforms) = postSolution
		{90EF20D9-043D-4D85-AF59-AD2246EF9E15}.Debug|Any CPU.ActiveCfg = Debug|Any CPU
		{90EF20D9-043D-4D85-AF59-AD2246EF9E15}.Debug|Any CPU.Build.0 = Debug|Any CPU
		{90EF20D9-043D-4D85-AF59-AD2246EF9E15}.Release|Any CPU.ActiveCfg = Release|Any CPU
		{90EF20D9-043D-4D85-AF59-AD2246EF9E15}.Release|Any CPU.Build.0 = Release|Any CPU
		{90EF20D9-043D-4D85-AF59-AD2246EF9E15}.Debug|iPhoneSimulator.ActiveCfg = Debug|Any CPU
		{90EF20D9-043D-4D85-AF59-AD2246EF9E15}.Debug|iPhoneSimulator.Build.0 = Debug|Any CPU
		{90EF20D9-043D-4D85-AF59-AD2246EF9E15}.Release|iPhone.ActiveCfg = Release|Any CPU
		{90EF20D9-043D-4D85-AF59-AD2246EF9E15}.Release|iPhone.Build.0 = Release|Any CPU
		{90EF20D9-043D-4D85-AF59-AD2246EF9E15}.Release|iPhoneSimulator.ActiveCfg = Release|Any CPU
		{90EF20D9-043D-4D85-AF59-AD2246EF9E15}.Release|iPhoneSimulator.Build.0 = Release|Any CPU
		{90EF20D9-043D-4D85-AF59-AD2246EF9E15}.Debug|iPhone.ActiveCfg = Debug|Any CPU
		{90EF20D9-043D-4D85-AF59-AD2246EF9E15}.Debug|iPhone.Build.0 = Debug|Any CPU
		{9E013569-7B61-429F-ABBD-63A39EFE0288}.Debug|Any CPU.ActiveCfg = Debug|iPhoneSimulator
		{9E013569-7B61-429F-ABBD-63A39EFE0288}.Debug|Any CPU.Build.0 = Debug|iPhoneSimulator
		{9E013569-7B61-429F-ABBD-63A39EFE0288}.Release|Any CPU.ActiveCfg = Release|iPhone
		{9E013569-7B61-429F-ABBD-63A39EFE0288}.Release|Any CPU.Build.0 = Release|iPhone
		{9E013569-7B61-429F-ABBD-63A39EFE0288}.Debug|iPhoneSimulator.ActiveCfg = Debug|iPhoneSimulator
		{9E013569-7B61-429F-ABBD-63A39EFE0288}.Debug|iPhoneSimulator.Build.0 = Debug|iPhoneSimulator
		{9E013569-7B61-429F-ABBD-63A39EFE0288}.Release|iPhone.ActiveCfg = Release|iPhone
		{9E013569-7B61-429F-ABBD-63A39EFE0288}.Release|iPhone.Build.0 = Release|iPhone
		{9E013569-7B61-429F-ABBD-63A39EFE0288}.Release|iPhoneSimulator.ActiveCfg = Release|iPhoneSimulator
		{9E013569-7B61-429F-ABBD-63A39EFE0288}.Release|iPhoneSimulator.Build.0 = Release|iPhoneSimulator
		{9E013569-7B61-429F-ABBD-63A39EFE0288}.Debug|iPhone.ActiveCfg = Debug|iPhone
		{9E013569-7B61-429F-ABBD-63A39EFE0288}.Debug|iPhone.Build.0 = Debug|iPhone
		{19480B1E-A337-433E-9804-3B649DD4FD3A}.Debug|Any CPU.ActiveCfg = Debug|Any CPU
		{19480B1E-A337-433E-9804-3B649DD4FD3A}.Debug|Any CPU.Build.0 = Debug|Any CPU
		{19480B1E-A337-433E-9804-3B649DD4FD3A}.Release|Any CPU.ActiveCfg = Release|Any CPU
		{19480B1E-A337-433E-9804-3B649DD4FD3A}.Release|Any CPU.Build.0 = Release|Any CPU
		{19480B1E-A337-433E-9804-3B649DD4FD3A}.Debug|iPhoneSimulator.ActiveCfg = Debug|Any CPU
		{19480B1E-A337-433E-9804-3B649DD4FD3A}.Debug|iPhoneSimulator.Build.0 = Debug|Any CPU
		{19480B1E-A337-433E-9804-3B649DD4FD3A}.Release|iPhone.ActiveCfg = Release|Any CPU
		{19480B1E-A337-433E-9804-3B649DD4FD3A}.Release|iPhone.Build.0 = Release|Any CPU
		{19480B1E-A337-433E-9804-3B649DD4FD3A}.Release|iPhoneSimulator.ActiveCfg = Release|Any CPU
		{19480B1E-A337-433E-9804-3B649DD4FD3A}.Release|iPhoneSimulator.Build.0 = Release|Any CPU
		{19480B1E-A337-433E-9804-3B649DD4FD3A}.Debug|iPhone.ActiveCfg = Debug|Any CPU
		{19480B1E-A337-433E-9804-3B649DD4FD3A}.Debug|iPhone.Build.0 = Debug|Any CPU
	EndGlobalSection
EndGlobal
